
Microsoft Visual Studio Solution File, Format Version 9.00
# Visual Studio 2005
Project("{FAE04EC0-301F-11D3-BF4B-00C04F79EFBC}") = "CSharpProj", "CSharpProj.csproj", "{0CA68B8A-8D4C-47E4-942B-DA5F579CFD17}"
EndProject
Global
	GlobalSection(SolutionConfigurationPlatforms) = preSolution
		Debug|Any CPU = Debug|Any CPU
		Release|Any CPU = Release|Any CPU
	EndGlobalSection
	GlobalSection(ProjectConfigurationPlatforms) = postSolution
		{0CA68B8A-8D4C-47E4-942B-DA5F579CFD17}.Debug|Any CPU.ActiveCfg = Debug|Any CPU
		{0CA68B8A-8D4C-47E4-942B-DA5F579CFD17}.Debug|Any CPU.Build.0 = Debug|Any CPU
		{0CA68B8A-8D4C-47E4-942B-DA5F579CFD17}.Release|Any CPU.ActiveCfg = Release|Any CPU
		{0CA68B8A-8D4C-47E4-942B-DA5F579CFD17}.Release|Any CPU.Build.0 = Release|Any CPU
	EndGlobalSection
	GlobalSection(SolutionProperties) = preSolution
		HideSolutionNode = FALSE
	EndGlobalSection
EndGlobal
